{
  "version": "5",
  "specifiers": {
    "jsr:@libs/xml@8": "8.0.0",
    "jsr:@std/xml@~0.1.3": "0.1.3"
  },
  "jsr": {
    "@libs/xml@8.0.0": {
      "integrity": "bd902ce433aba8f0c892ac16966f8949174097f0de6293eaf4bc125dcdd4362d",
      "dependencies": [
        "jsr:@std/xml"
      ]
    },
    "@std/xml@0.1.3": {
      "integrity": "afb7750d09f9f521046b27119d0e63f7aaad6eeb3d74e5f41fc04a9958014811"
    }
  },
  "workspace": {
    "dependencies": [
      "jsr:@libs/xml@8"
    ]
  }
}
