{
  "version": "5",
  "specifiers": {
    "jsr:@libs/xml@^8.0.1": "8.0.1",
    "jsr:@std/xml@0.2": "0.2.0"
  },
  "jsr": {
    "@libs/xml@8.0.1": {
      "integrity": "adf0cf4529a4dd61f17a235408d762eafdcc0fd8ee6f64a9311508b9fbb25888",
      "dependencies": [
        "jsr:@std/xml"
      ]
    },
    "@std/xml@0.2.0": {
      "integrity": "e0b54ae29592bc1fc688109f78ef5c18680bf820ba8aa0a3990a115e709e58d2"
    }
  },
  "workspace": {
    "dependencies": [
      "jsr:@libs/xml@^8.0.1"
    ]
  }
}
